
Microsoft Visual Studio Solution File, Format Version 12.00
# Visual Studio Version 17
VisualStudioVersion = 17.0.32014.148
MinimumVisualStudioVersion = 10.0.40219.1
Project("{9A19103F-16F7-4668-BE54-9A1E7A4F7556}") = "DataAccess", "DataAccess\DataAccess.csproj", "{F25FFF39-87B6-49F9-97AA-DEFA63CAB8A6}"
EndProject
Project("{9A19103F-16F7-4668-BE54-9A1E7A4F7556}") = "Application", "Application\Application.csproj", "{62FC0CEF-5D1E-4B34-B977-335F45E96591}"
EndProject
Project("{9A19103F-16F7-4668-BE54-9A1E7A4F7556}") = "WebApi", "WebApi\WebApi.csproj", "{D990A15A-D4A6-447A-B264-16A10C7DB789}"
EndProject
Project("{9A19103F-16F7-4668-BE54-9A1E7A4F7556}") = "WebApi.Tests", "Tests\WebApi.Tests\WebApi.Tests.csproj", "{CE63EAB8-19D3-4F7A-A1C8-3E7DEE9E96B1}"
EndProject
Project("{9A19103F-16F7-4668-BE54-9A1E7A4F7556}") = "Application.Tests", "Tests\Application.Tests\Application.Tests.csproj", "{33D72E43-4AB6-4B92-A569-58054CE98D91}"
EndProject
Project("{FAE04EC0-301F-11D3-BF4B-00C04F79EFBC}") = "Domain", "Domain\Domain.csproj", "{1D4E9CBC-D685-480F-A2E4-0E4414AF7762}"
EndProject
Global
	GlobalSection(SolutionConfigurationPlatforms) = preSolution
		Debug|Any CPU = Debug|Any CPU
		Release|Any CPU = Release|Any CPU
	EndGlobalSection
	GlobalSection(ProjectConfigurationPlatforms) = postSolution
		{F25FFF39-87B6-49F9-97AA-DEFA63CAB8A6}.Debug|Any CPU.ActiveCfg = Debug|Any CPU
		{F25FFF39-87B6-49F9-97AA-DEFA63CAB8A6}.Debug|Any CPU.Build.0 = Debug|Any CPU
		{F25FFF39-87B6-49F9-97AA-DEFA63CAB8A6}.Release|Any CPU.ActiveCfg = Release|Any CPU
		{F25FFF39-87B6-49F9-97AA-DEFA63CAB8A6}.Release|Any CPU.Build.0 = Release|Any CPU
		{62FC0CEF-5D1E-4B34-B977-335F45E96591}.Debug|Any CPU.ActiveCfg = Debug|Any CPU
		{62FC0CEF-5D1E-4B34-B977-335F45E96591}.Debug|Any CPU.Build.0 = Debug|Any CPU
		{62FC0CEF-5D1E-4B34-B977-335F45E96591}.Release|Any CPU.ActiveCfg = Release|Any CPU
		{62FC0CEF-5D1E-4B34-B977-335F45E96591}.Release|Any CPU.Build.0 = Release|Any CPU
		{D990A15A-D4A6-447A-B264-16A10C7DB789}.Debug|Any CPU.ActiveCfg = Debug|Any CPU
		{D990A15A-D4A6-447A-B264-16A10C7DB789}.Debug|Any CPU.Build.0 = Debug|Any CPU
		{D990A15A-D4A6-447A-B264-16A10C7DB789}.Release|Any CPU.ActiveCfg = Release|Any CPU
		{D990A15A-D4A6-447A-B264-16A10C7DB789}.Release|Any CPU.Build.0 = Release|Any CPU
		{CE63EAB8-19D3-4F7A-A1C8-3E7DEE9E96B1}.Debug|Any CPU.ActiveCfg = Debug|Any CPU
		{CE63EAB8-19D3-4F7A-A1C8-3E7DEE9E96B1}.Debug|Any CPU.Build.0 = Debug|Any CPU
		{CE63EAB8-19D3-4F7A-A1C8-3E7DEE9E96B1}.Release|Any CPU.ActiveCfg = Release|Any CPU
		{CE63EAB8-19D3-4F7A-A1C8-3E7DEE9E96B1}.Release|Any CPU.Build.0 = Release|Any CPU
		{33D72E43-4AB6-4B92-A569-58054CE98D91}.Debug|Any CPU.ActiveCfg = Debug|Any CPU
		{33D72E43-4AB6-4B92-A569-58054CE98D91}.Debug|Any CPU.Build.0 = Debug|Any CPU
		{33D72E43-4AB6-4B92-A569-58054CE98D91}.Release|Any CPU.ActiveCfg = Release|Any CPU
		{33D72E43-4AB6-4B92-A569-58054CE98D91}.Release|Any CPU.Build.0 = Release|Any CPU
		{1D4E9CBC-D685-480F-A2E4-0E4414AF7762}.Debug|Any CPU.ActiveCfg = Debug|Any CPU
		{1D4E9CBC-D685-480F-A2E4-0E4414AF7762}.Debug|Any CPU.Build.0 = Debug|Any CPU
		{1D4E9CBC-D685-480F-A2E4-0E4414AF7762}.Release|Any CPU.ActiveCfg = Release|Any CPU
		{1D4E9CBC-D685-480F-A2E4-0E4414AF7762}.Release|Any CPU.Build.0 = Release|Any CPU
	EndGlobalSection
	GlobalSection(SolutionProperties) = preSolution
		HideSolutionNode = FALSE
	EndGlobalSection
	GlobalSection(ExtensibilityGlobals) = postSolution
		SolutionGuid = {56C1E0A1-0897-4BDE-9E09-EB04669D24FE}
	EndGlobalSection
EndGlobal
